
Microsoft Visual Studio Solution File, Format Version 12.00
# Visual Studio Version 16
VisualStudioVersion = 16.0.34601.136
MinimumVisualStudioVersion = 10.0.40219.1
Project("{FAE04EC0-301F-11D3-BF4B-00C04F79EFBC}") = "ConsoleApp1", "ConsoleApp1\ConsoleApp1.csproj", "{95FAE64B-8EA7-46D3-9E7D-F3216613C734}"
EndProject
Project("{FAE04EC0-301F-11D3-BF4B-00C04F79EFBC}") = "ConsoleApp1Tests", "ConsoleApp1Tests\ConsoleApp1Tests.csproj", "{FA84524A-5AA2-4C0A-B920-8BC22030E2F9}"
EndProject
Global
	GlobalSection(SolutionConfigurationPlatforms) = preSolution
		Debug|Any CPU = Debug|Any CPU
		Release|Any CPU = Release|Any CPU
	EndGlobalSection
	GlobalSection(ProjectConfigurationPlatforms) = postSolution
		{95FAE64B-8EA7-46D3-9E7D-F3216613C734}.Debug|Any CPU.ActiveCfg = Debug|Any CPU
		{95FAE64B-8EA7-46D3-9E7D-F3216613C734}.Debug|Any CPU.Build.0 = Debug|Any CPU
		{95FAE64B-8EA7-46D3-9E7D-F3216613C734}.Release|Any CPU.ActiveCfg = Release|Any CPU
		{95FAE64B-8EA7-46D3-9E7D-F3216613C734}.Release|Any CPU.Build.0 = Release|Any CPU
		{FA84524A-5AA2-4C0A-B920-8BC22030E2F9}.Debug|Any CPU.ActiveCfg = Debug|Any CPU
		{FA84524A-5AA2-4C0A-B920-8BC22030E2F9}.Debug|Any CPU.Build.0 = Debug|Any CPU
		{FA84524A-5AA2-4C0A-B920-8BC22030E2F9}.Release|Any CPU.ActiveCfg = Release|Any CPU
		{FA84524A-5AA2-4C0A-B920-8BC22030E2F9}.Release|Any CPU.Build.0 = Release|Any CPU
	EndGlobalSection
	GlobalSection(SolutionProperties) = preSolution
		HideSolutionNode = FALSE
	EndGlobalSection
	GlobalSection(ExtensibilityGlobals) = postSolution
		SolutionGuid = {22AAA942-7EE4-4181-99D8-D16D47ECA4B2}
	EndGlobalSection
EndGlobal
